dependencies:
- name: nats
  repository: https://nats-io.github.io/k8s/helm/charts/
  version: 1.2.11
- name: centrifugo
  repository: https://centrifugal.github.io/helm-charts
  version: 13.0.1
digest: sha256:fb243cf49e6711f69aafdc2cba0994608d6b15af307f0b2275c082a0c5da14a5
generated: "2026-07-31T00:53:14.92430524Z"
